
Microsoft Visual Studio Solution File, Format Version 12.00
# Visual Studio Version 17
VisualStudioVersion = 17.9.34723.18
MinimumVisualStudioVersion = 10.0.40219.1
Project("{FAE04EC0-301F-11D3-BF4B-00C04F79EFBC}") = "ProyectoMatriz", "ProyectoMatriz\ProyectoMatriz.csproj", "{FA53E05F-2F57-452C-86A3-2F9935B946AD}"
EndProject
Global
	GlobalSection(SolutionConfigurationPlatforms) = preSolution
		Debug|Any CPU = Debug|Any CPU
		Release|Any CPU = Release|Any CPU
	EndGlobalSection
	GlobalSection(ProjectConfigurationPlatforms) = postSolution
		{FA53E05F-2F57-452C-86A3-2F9935B946AD}.Debug|Any CPU.ActiveCfg = Debug|Any CPU
		{FA53E05F-2F57-452C-86A3-2F9935B946AD}.Debug|Any CPU.Build.0 = Debug|Any CPU
		{FA53E05F-2F57-452C-86A3-2F9935B946AD}.Release|Any CPU.ActiveCfg = Release|Any CPU
		{FA53E05F-2F57-452C-86A3-2F9935B946AD}.Release|Any CPU.Build.0 = Release|Any CPU
	EndGlobalSection
	GlobalSection(SolutionProperties) = preSolution
		HideSolutionNode = FALSE
	EndGlobalSection
	GlobalSection(ExtensibilityGlobals) = postSolution
		SolutionGuid = {AAA670DE-ADEC-4F1C-9E87-8D7CD048315D}
	EndGlobalSection
EndGlobal
